
Microsoft Visual Studio Solution File, Format Version 12.00
# Visual Studio Version 17
VisualStudioVersion = 17.2.32516.85
MinimumVisualStudioVersion = 10.0.40219.1
Project("{9A19103F-16F7-4668-BE54-9A1E7A4F7556}") = "Working8Registry", "Working8Registry\Working8Registry.csproj", "{2DFFDC4C-8E3F-42A7-ADBD-8E32FF16E3F6}"
EndProject
Project("{9A19103F-16F7-4668-BE54-9A1E7A4F7556}") = "CarLibrary", "CarLibrary\CarLibrary.csproj", "{B7CB1B9F-23F1-4DAB-8326-3F3FAC957531}"
EndProject
Project("{9A19103F-16F7-4668-BE54-9A1E7A4F7556}") = "Garage", "Garage\Garage.csproj", "{85DD4C58-D613-4A68-80AD-A362976325BB}"
EndProject
Project("{FAE04EC0-301F-11D3-BF4B-00C04F79EFBC}") = "BlockWindowsKey", "BlockWindowsKey\BlockWindowsKey.csproj", "{37D8C1BF-360F-4EB1-960C-5341AF9EC4A4}"
EndProject
Global
	GlobalSection(SolutionConfigurationPlatforms) = preSolution
		Debug|Any CPU = Debug|Any CPU
		Release|Any CPU = Release|Any CPU
	EndGlobalSection
	GlobalSection(ProjectConfigurationPlatforms) = postSolution
		{2DFFDC4C-8E3F-42A7-ADBD-8E32FF16E3F6}.Debug|Any CPU.ActiveCfg = Debug|Any CPU
		{2DFFDC4C-8E3F-42A7-ADBD-8E32FF16E3F6}.Debug|Any CPU.Build.0 = Debug|Any CPU
		{2DFFDC4C-8E3F-42A7-ADBD-8E32FF16E3F6}.Release|Any CPU.ActiveCfg = Release|Any CPU
		{2DFFDC4C-8E3F-42A7-ADBD-8E32FF16E3F6}.Release|Any CPU.Build.0 = Release|Any CPU
		{B7CB1B9F-23F1-4DAB-8326-3F3FAC957531}.Debug|Any CPU.ActiveCfg = Debug|Any CPU
		{B7CB1B9F-23F1-4DAB-8326-3F3FAC957531}.Debug|Any CPU.Build.0 = Debug|Any CPU
		{B7CB1B9F-23F1-4DAB-8326-3F3FAC957531}.Release|Any CPU.ActiveCfg = Release|Any CPU
		{B7CB1B9F-23F1-4DAB-8326-3F3FAC957531}.Release|Any CPU.Build.0 = Release|Any CPU
		{85DD4C58-D613-4A68-80AD-A362976325BB}.Debug|Any CPU.ActiveCfg = Debug|Any CPU
		{85DD4C58-D613-4A68-80AD-A362976325BB}.Debug|Any CPU.Build.0 = Debug|Any CPU
		{85DD4C58-D613-4A68-80AD-A362976325BB}.Release|Any CPU.ActiveCfg = Release|Any CPU
		{85DD4C58-D613-4A68-80AD-A362976325BB}.Release|Any CPU.Build.0 = Release|Any CPU
		{37D8C1BF-360F-4EB1-960C-5341AF9EC4A4}.Debug|Any CPU.ActiveCfg = Debug|Any CPU
		{37D8C1BF-360F-4EB1-960C-5341AF9EC4A4}.Debug|Any CPU.Build.0 = Debug|Any CPU
		{37D8C1BF-360F-4EB1-960C-5341AF9EC4A4}.Release|Any CPU.ActiveCfg = Release|Any CPU
		{37D8C1BF-360F-4EB1-960C-5341AF9EC4A4}.Release|Any CPU.Build.0 = Release|Any CPU
	EndGlobalSection
	GlobalSection(SolutionProperties) = preSolution
		HideSolutionNode = FALSE
	EndGlobalSection
	GlobalSection(ExtensibilityGlobals) = postSolution
		SolutionGuid = {50BC2869-1E7A-404B-AD5E-040FD28CA091}
	EndGlobalSection
EndGlobal
